github.com/VaynerAkaWalo/go-toolkit v0.2.2 h1:4Q23cWChH0ZlmcOIFBMDCA7+i7OmW0qWBlwyphibRio=
github.com/VaynerAkaWalo/go-toolkit v0.2.2/go.mod h1:niPoRYGXFDUat58tKIe0Izkt8qqcizUvAaLtwiS5dO4=
github.com/google/uuid v1.6.0 h1:NIvaJDMOsjHA8n1jAhLSgzrAzy1Hgr+hNrb57e+94F0=
github.com/google/uuid v1.6.0/go.mod h1:TIyPZe4MgqvfeYDBFedMoGGpEw/LqOeaOT+nhxU+yHo=
