github.com/VaynerAkaWalo/go-toolkit v1.0.2 h1:Ki9rAuqHQcnMDBuvp6ZI380rLe1pHL03bd40kTJTII0=
github.com/VaynerAkaWalo/go-toolkit v1.0.2/go.mod h1:niPoRYGXFDUat58tKIe0Izkt8qqcizUvAaLtwiS5dO4=
github.com/google/uuid v1.6.0 h1:NIvaJDMOsjHA8n1jAhLSgzrAzy1Hgr+hNrb57e+94F0=
github.com/google/uuid v1.6.0/go.mod h1:TIyPZe4MgqvfeYDBFedMoGGpEw/LqOeaOT+nhxU+yHo=
github.com/ojrac/opensimplex-go v1.0.2 h1:l4vs0D+JCakcu5OV0kJ99oEaWJfggSc9jiLpxaWvSzs=
github.com/ojrac/opensimplex-go v1.0.2/go.mod h1:NwbXFFbXcdGgIFdiA7/REME+7n/lOf1TuEbLiZYOWnM=
